
Microsoft Visual Studio Solution File, Format Version 12.00
# Visual Studio Version 17
VisualStudioVersion = 17.6.33723.286
MinimumVisualStudioVersion = 10.0.40219.1
Project("{FAE04EC0-301F-11D3-BF4B-00C04F79EFBC}") = "StudentCRUD", "StudentCRUD\StudentCRUD.csproj", "{F3A31A11-74B1-48D3-84F4-A3923322D5E3}"
EndProject
Global
	GlobalSection(SolutionConfigurationPlatforms) = preSolution
		Debug|Any CPU = Debug|Any CPU
		Release|Any CPU = Release|Any CPU
	EndGlobalSection
	GlobalSection(ProjectConfigurationPlatforms) = postSolution
		{F3A31A11-74B1-48D3-84F4-A3923322D5E3}.Debug|Any CPU.ActiveCfg = Debug|Any CPU
		{F3A31A11-74B1-48D3-84F4-A3923322D5E3}.Debug|Any CPU.Build.0 = Debug|Any CPU
		{F3A31A11-74B1-48D3-84F4-A3923322D5E3}.Release|Any CPU.ActiveCfg = Release|Any CPU
		{F3A31A11-74B1-48D3-84F4-A3923322D5E3}.Release|Any CPU.Build.0 = Release|Any CPU
	EndGlobalSection
	GlobalSection(SolutionProperties) = preSolution
		HideSolutionNode = FALSE
	EndGlobalSection
	GlobalSection(ExtensibilityGlobals) = postSolution
		SolutionGuid = {66671DCE-397A-4D4C-8C29-DF1794C0BC54}
	EndGlobalSection
EndGlobal
